// !$*UTF8*$!
{
	archiveVersion = 1;
	classes = {
	};
	objectVersion = 46;
	objects = {

/* Begin PBXBuildFile section */
		1D3623260D0F684500981E51 /* passwordGeneratorAppDelegate.m in Sources */ = {isa = PBXBuildFile; fileRef = 1D3623250D0F684500981E51 /* passwordGeneratorAppDelegate.m */; };
		1D60589B0D05DD56006BFB54 /* main.m in Sources */ = {isa = PBXBuildFile; fileRef = 29B97316FDCFA39411CA2CEA /* main.m */; };
		1D60589F0D05DD5A006BFB54 /* Foundation.framework in Frameworks */ = {isa = PBXBuildFile; fileRef = 1D30AB110D05D00D00671497 /* Foundation.framework */; };
		1D6F7B5812A5DC7600D5C250 /* Icon@2x.png in Resources */ = {isa = PBXBuildFile; fileRef = 1D6F7B5712A5DC7600D5C250 /* Icon@2x.png */; };
		1D6F7BC712A7267F00D5C250 /* Default@2x.png in Resources */ = {isa = PBXBuildFile; fileRef = 1D6F7BC612A7267F00D5C250 /* Default@2x.png */; };
		1D9B886B12A2EE6800A672D1 /* gear_sm@2x.png in Resources */ = {isa = PBXBuildFile; fileRef = 1D9B886A12A2EE6800A672D1 /* gear_sm@2x.png */; };
		1D9B889D12A5BC3200A672D1 /* Icon.png in Resources */ = {isa = PBXBuildFile; fileRef = 1D9B889C12A5BC3200A672D1 /* Icon.png */; };
		1DBE8338128F9BB40057464B /* gear_sm.png in Resources */ = {isa = PBXBuildFile; fileRef = 1DBE8337128F9BB40057464B /* gear_sm.png */; };
		1DBE841212904C170057464B /* words.sqlite in Resources */ = {isa = PBXBuildFile; fileRef = 1DBE841112904C170057464B /* words.sqlite */; };
		1DBE8723129740B20057464B /* libsqlite3.dylib in Frameworks */ = {isa = PBXBuildFile; fileRef = 1DBE8722129740B20057464B /* libsqlite3.dylib */; };
		1DBE884D12984DDC0057464B /* MessageUI.framework in Frameworks */ = {isa = PBXBuildFile; fileRef = 1DBE884C12984DDC0057464B /* MessageUI.framework */; };
		1DBE89BB129C827D0057464B /* scramble.wav in Resources */ = {isa = PBXBuildFile; fileRef = 1DBE89BA129C827D0057464B /* scramble.wav */; };
		1DBE89CE129C85830057464B /* AudioToolbox.framework in Frameworks */ = {isa = PBXBuildFile; fileRef = 1DBE89CD129C85830057464B /* AudioToolbox.framework */; };
		1DBE89F5129CA4E80057464B /* Default.png in Resources */ = {isa = PBXBuildFile; fileRef = 1DBE89F4129CA4E80057464B /* Default.png */; };
		1DEB55D118E4F38C009C826D /* Default-568h@2x.png in Resources */ = {isa = PBXBuildFile; fileRef = 1DEB55D018E4F38C009C826D /* Default-568h@2x.png */; };
		1DEB55D418E4F41C009C826D /* Icon58x58.png in Resources */ = {isa = PBXBuildFile; fileRef = 1DEB55D218E4F41C009C826D /* Icon58x58.png */; };
		1DEB55D518E4F41C009C826D /* Icon~iphone.png in Resources */ = {isa = PBXBuildFile; fileRef = 1DEB55D318E4F41C009C826D /* Icon~iphone.png */; };
		1DEB55D718E4F478009C826D /* Icon@2x~iphone.png in Resources */ = {isa = PBXBuildFile; fileRef = 1DEB55D618E4F478009C826D /* Icon@2x~iphone.png */; };
		1DEB55D918E4F800009C826D /* Images.xcassets in Resources */ = {isa = PBXBuildFile; fileRef = 1DEB55D818E4F800009C826D /* Images.xcassets */; };
		1DEB55DB18E4F844009C826D /* icon29x29.png in Resources */ = {isa = PBXBuildFile; fileRef = 1DEB55DA18E4F844009C826D /* icon29x29.png */; };
		1DF5F4E00D08C38300B7A737 /* UIKit.framework in Frameworks */ = {isa = PBXBuildFile; fileRef = 1DF5F4DF0D08C38300B7A737 /* UIKit.framework */; };
		280E754D0DD40C5E005A515E /* FlipsideView.xib in Resources */ = {isa = PBXBuildFile; fileRef = 280E754A0DD40C5E005A515E /* FlipsideView.xib */; };
		280E754E0DD40C5E005A515E /* MainView.xib in Resources */ = {isa = PBXBuildFile; fileRef = 280E754B0DD40C5E005A515E /* MainView.xib */; };
		280E754F0DD40C5E005A515E /* MainWindow.xib in Resources */ = {isa = PBXBuildFile; fileRef = 280E754C0DD40C5E005A515E /* MainWindow.xib */; };
		288765590DF743DE002DB57D /* CoreGraphics.framework in Frameworks */ = {isa = PBXBuildFile; fileRef = 288765580DF743DE002DB57D /* CoreGraphics.framework */; };
		289233AE0DB2D0DB0083E9F9 /* MainViewController.m in Sources */ = {isa = PBXBuildFile; fileRef = 289233A90DB2D0DB0083E9F9 /* MainViewController.m */; };
		289233B00DB2D0DB0083E9F9 /* FlipsideViewController.m in Sources */ = {isa = PBXBuildFile; fileRef = 289233AD0DB2D0DB0083E9F9 /* FlipsideViewController.m */; };
/* End PBXBuildFile section */

/* Begin PBXFileReference section */
		1D30AB110D05D00D00671497 /* Foundation.framework */ = {isa = PBXFileReference; lastKnownFileType = wrapper.framework; name = Foundation.framework; path = System/Library/Frameworks/Foundation.framework; sourceTree = SDKROOT; };
		1D3623240D0F684500981E51 /* passwordGeneratorAppDelegate.h */ = {isa = PBXFileReference; fileEncoding = 4; lastKnownFileType = sourcecode.c.h; path = passwordGeneratorAppDelegate.h; sourceTree = "<group>"; };
		1D3623250D0F684500981E51 /* passwordGeneratorAppDelegate.m */ = {isa = PBXFileReference; fileEncoding = 4; lastKnownFileType = sourcecode.c.objc; path = passwordGeneratorAppDelegate.m; sourceTree = "<group>"; };
		1D6058910D05DD3D006BFB54 /* passwordGenerator.app */ = {isa = PBXFileReference; explicitFileType = wrapper.application; includeInIndex = 0; path = passwordGenerator.app; sourceTree = BUILT_PRODUCTS_DIR; };
		1D6F7B5712A5DC7600D5C250 /* Icon@2x.png */ = {isa = PBXFileReference; lastKnownFileType = image.png; path = "Icon@2x.png"; sourceTree = "<group>"; };
		1D6F7BC612A7267F00D5C250 /* Default@2x.png */ = {isa = PBXFileReference; lastKnownFileType = image.png; path = "Default@2x.png"; sourceTree = "<group>"; };
		1D6F7C2312A88E8900D5C250 /* Entitlements.plist */ = {isa = PBXFileReference; fileEncoding = 4; lastKnownFileType = text.plist.xml; path = Entitlements.plist; sourceTree = "<group>"; };
		1D9B886A12A2EE6800A672D1 /* gear_sm@2x.png */ = {isa = PBXFileReference; lastKnownFileType = image.png; path = "gear_sm@2x.png"; sourceTree = "<group>"; };
		1D9B889C12A5BC3200A672D1 /* Icon.png */ = {isa = PBXFileReference; lastKnownFileType = image.png; path = Icon.png; sourceTree = "<group>"; };
		1DBE8337128F9BB40057464B /* gear_sm.png */ = {isa = PBXFileReference; lastKnownFileType = image.png; path = gear_sm.png; sourceTree = "<group>"; };
		1DBE841112904C170057464B /* words.sqlite */ = {isa = PBXFileReference; lastKnownFileType = file; path = words.sqlite; sourceTree = "<group>"; };
		1DBE8722129740B20057464B /* libsqlite3.dylib */ = {isa = PBXFileReference; lastKnownFileType = "compiled.mach-o.dylib"; name = libsqlite3.dylib; path = usr/lib/libsqlite3.dylib; sourceTree = SDKROOT; };
		1DBE884C12984DDC0057464B /* MessageUI.framework */ = {isa = PBXFileReference; lastKnownFileType = wrapper.framework; name = MessageUI.framework; path = System/Library/Frameworks/MessageUI.framework; sourceTree = SDKROOT; };
		1DBE89BA129C827D0057464B /* scramble.wav */ = {isa = PBXFileReference; lastKnownFileType = audio.wav; path = scramble.wav; sourceTree = "<group>"; };
		1DBE89CD129C85830057464B /* AudioToolbox.framework */ = {isa = PBXFileReference; lastKnownFileType = wrapper.framework; name = AudioToolbox.framework; path = System/Library/Frameworks/AudioToolbox.framework; sourceTree = SDKROOT; };
		1DBE89F4129CA4E80057464B /* Default.png */ = {isa = PBXFileReference; lastKnownFileType = image.png; path = Default.png; sourceTree = "<group>"; };
		1DEB55D018E4F38C009C826D /* Default-568h@2x.png */ = {isa = PBXFileReference; lastKnownFileType = image.png; path = "Default-568h@2x.png"; sourceTree = "<group>"; };
		1DEB55D218E4F41C009C826D /* Icon58x58.png */ = {isa = PBXFileReference; lastKnownFileType = image.png; path = Icon58x58.png; sourceTree = "<group>"; };
		1DEB55D318E4F41C009C826D /* Icon~iphone.png */ = {isa = PBXFileReference; lastKnownFileType = image.png; path = "Icon~iphone.png"; sourceTree = "<group>"; };
		1DEB55D618E4F478009C826D /* Icon@2x~iphone.png */ = {isa = PBXFileReference; lastKnownFileType = image.png; path = "Icon@2x~iphone.png"; sourceTree = "<group>"; };
		1DEB55D818E4F800009C826D /* Images.xcassets */ = {isa = PBXFileReference; lastKnownFileType = folder.assetcatalog; name = Images.xcassets; path = passwordGenerator/Images.xcassets; sourceTree = "<group>"; };
		1DEB55DA18E4F844009C826D /* icon29x29.png */ = {isa = PBXFileReference; lastKnownFileType = image.png; path = icon29x29.png; sourceTree = "<group>"; };
		1DF5F4DF0D08C38300B7A737 /* UIKit.framework */ = {isa = PBXFileReference; lastKnownFileType = wrapper.framework; name = UIKit.framework; path = System/Library/Frameworks/UIKit.framework; sourceTree = SDKROOT; };
		280E754A0DD40C5E005A515E /* FlipsideView.xib */ = {isa = PBXFileReference; lastKnownFileType = file.xib; path = FlipsideView.xib; sourceTree = "<group>"; };
		280E754B0DD40C5E005A515E /* MainView.xib */ = {isa = PBXFileReference; lastKnownFileType = file.xib; path = MainView.xib; sourceTree = "<group>"; };
		280E754C0DD40C5E005A515E /* MainWindow.xib */ = {isa = PBXFileReference; lastKnownFileType = file.xib; path = MainWindow.xib; sourceTree = "<group>"; };
		288765580DF743DE002DB57D /* CoreGraphics.framework */ = {isa = PBXFileReference; lastKnownFileType = wrapper.framework; name = CoreGraphics.framework; path = System/Library/Frameworks/CoreGraphics.framework; sourceTree = SDKROOT; };
		289233A80DB2D0DB0083E9F9 /* MainViewController.h */ = {isa = PBXFileReference; fileEncoding = 4; lastKnownFileType = sourcecode.c.h; name = MainViewController.h; path = Classes/MainViewController.h; sourceTree = "<group>"; };
		289233A90DB2D0DB0083E9F9 /* MainViewController.m */ = {isa = PBXFileReference; fileEncoding = 4; lastKnownFileType = sourcecode.c.objc; name = MainViewController.m; path = Classes/MainViewController.m; sourceTree = "<group>"; };
		289233AC0DB2D0DB0083E9F9 /* FlipsideViewController.h */ = {isa = PBXFileReference; fileEncoding = 4; lastKnownFileType = sourcecode.c.h; name = FlipsideViewController.h; path = Classes/FlipsideViewController.h; sourceTree = "<group>"; };
		289233AD0DB2D0DB0083E9F9 /* FlipsideViewController.m */ = {isa = PBXFileReference; fileEncoding = 4; lastKnownFileType = sourcecode.c.objc; name = FlipsideViewController.m; path = Classes/FlipsideViewController.m; sourceTree = "<group>"; };
		29B97316FDCFA39411CA2CEA /* main.m */ = {isa = PBXFileReference; fileEncoding = 4; lastKnownFileType = sourcecode.c.objc; path = main.m; sourceTree = "<group>"; };
		32CA4F630368D1EE00C91783 /* passwordGenerator_Prefix.pch */ = {isa = PBXFileReference; fileEncoding = 4; lastKnownFileType = sourcecode.c.h; path = passwordGenerator_Prefix.pch; sourceTree = "<group>"; };
		8D1107310486CEB800E47090 /* passwordGenerator-Info.plist */ = {isa = PBXFileReference; fileEncoding = 4; lastKnownFileType = text.plist.xml; path = "passwordGenerator-Info.plist"; plistStructureDefinitionIdentifier = "com.apple.xcode.plist.structure-definition.iphone.info-plist"; sourceTree = "<group>"; };
/* End PBXFileReference section */

/* Begin PBXFrameworksBuildPhase section */
		1D60588F0D05DD3D006BFB54 /* Frameworks */ = {
			isa = PBXFrameworksBuildPhase;
			buildActionMask = 2147483647;
			files = (
				1D60589F0D05DD5A006BFB54 /* Foundation.framework in Frameworks */,
				1DF5F4E00D08C38300B7A737 /* UIKit.framework in Frameworks */,
				288765590DF743DE002DB57D /* CoreGraphics.framework in Frameworks */,
				1DBE8723129740B20057464B /* libsqlite3.dylib in Frameworks */,
				1DBE884D12984DDC0057464B /* MessageUI.framework in Frameworks */,
				1DBE89CE129C85830057464B /* AudioToolbox.framework in Frameworks */,
			);
			runOnlyForDeploymentPostprocessing = 0;
		};
/* End PBXFrameworksBuildPhase section */

/* Begin PBXGroup section */
		080E96DDFE201D6D7F000001 /* Application Delegate */ = {
			isa = PBXGroup;
			children = (
				1D3623240D0F684500981E51 /* passwordGeneratorAppDelegate.h */,
				1D3623250D0F684500981E51 /* passwordGeneratorAppDelegate.m */,
			);
			name = "Application Delegate";
			path = Classes;
			sourceTree = "<group>";
		};
		19C28FACFE9D520D11CA2CBB /* Products */ = {
			isa = PBXGroup;
			children = (
				1D6058910D05DD3D006BFB54 /* passwordGenerator.app */,
			);
			name = Products;
			sourceTree = "<group>";
		};
		1DBE88EC1298919E0057464B /* images */ = {
			isa = PBXGroup;
			children = (
				1DBE8337128F9BB40057464B /* gear_sm.png */,
				1D9B886A12A2EE6800A672D1 /* gear_sm@2x.png */,
			);
			name = images;
			sourceTree = "<group>";
		};
		281C6CD70DB2D82200F60ACC /* Flipside View */ = {
			isa = PBXGroup;
			children = (
				289233AC0DB2D0DB0083E9F9 /* FlipsideViewController.h */,
				289233AD0DB2D0DB0083E9F9 /* FlipsideViewController.m */,
			);
			name = "Flipside View";
			sourceTree = "<group>";
		};
		289233A00DB2D0730083E9F9 /* Main View */ = {
			isa = PBXGroup;
			children = (
				289233A80DB2D0DB0083E9F9 /* MainViewController.h */,
				289233A90DB2D0DB0083E9F9 /* MainViewController.m */,
			);
			name = "Main View";
			sourceTree = "<group>";
		};
		29B97314FDCFA39411CA2CEA /* CustomTemplate */ = {
			isa = PBXGroup;
			children = (
				289233A00DB2D0730083E9F9 /* Main View */,
				281C6CD70DB2D82200F60ACC /* Flipside View */,
				080E96DDFE201D6D7F000001 /* Application Delegate */,
				29B97315FDCFA39411CA2CEA /* Other Sources */,
				29B97317FDCFA39411CA2CEA /* Resources */,
				29B97323FDCFA39411CA2CEA /* Frameworks */,
				19C28FACFE9D520D11CA2CBB /* Products */,
				1D6F7C2312A88E8900D5C250 /* Entitlements.plist */,
			);
			name = CustomTemplate;
			sourceTree = "<group>";
		};
		29B97315FDCFA39411CA2CEA /* Other Sources */ = {
			isa = PBXGroup;
			children = (
				32CA4F630368D1EE00C91783 /* passwordGenerator_Prefix.pch */,
				29B97316FDCFA39411CA2CEA /* main.m */,
			);
			name = "Other Sources";
			sourceTree = "<group>";
		};
		29B97317FDCFA39411CA2CEA /* Resources */ = {
			isa = PBXGroup;
			children = (
				1DEB55DA18E4F844009C826D /* icon29x29.png */,
				1DEB55D818E4F800009C826D /* Images.xcassets */,
				1DEB55D618E4F478009C826D /* Icon@2x~iphone.png */,
				1DEB55D218E4F41C009C826D /* Icon58x58.png */,
				1DEB55D318E4F41C009C826D /* Icon~iphone.png */,
				1DEB55D018E4F38C009C826D /* Default-568h@2x.png */,
				1D6F7BC612A7267F00D5C250 /* Default@2x.png */,
				1D6F7B5712A5DC7600D5C250 /* Icon@2x.png */,
				1D9B889C12A5BC3200A672D1 /* Icon.png */,
				1DBE89BA129C827D0057464B /* scramble.wav */,
				1DBE88EC1298919E0057464B /* images */,
				1DBE841112904C170057464B /* words.sqlite */,
				280E754A0DD40C5E005A515E /* FlipsideView.xib */,
				280E754B0DD40C5E005A515E /* MainView.xib */,
				280E754C0DD40C5E005A515E /* MainWindow.xib */,
				8D1107310486CEB800E47090 /* passwordGenerator-Info.plist */,
				1DBE89F4129CA4E80057464B /* Default.png */,
			);
			name = Resources;
			sourceTree = "<group>";
		};
		29B97323FDCFA39411CA2CEA /* Frameworks */ = {
			isa = PBXGroup;
			children = (
				1DBE89CD129C85830057464B /* AudioToolbox.framework */,
				1DF5F4DF0D08C38300B7A737 /* UIKit.framework */,
				1D30AB110D05D00D00671497 /* Foundation.framework */,
				288765580DF743DE002DB57D /* CoreGraphics.framework */,
				1DBE8722129740B20057464B /* libsqlite3.dylib */,
				1DBE884C12984DDC0057464B /* MessageUI.framework */,
			);
			name = Frameworks;
			sourceTree = "<group>";
		};
/* End PBXGroup section */

/* Begin PBXNativeTarget section */
		1D6058900D05DD3D006BFB54 /* passwordGenerator */ = {
			isa = PBXNativeTarget;
			buildConfigurationList = 1D6058960D05DD3E006BFB54 /* Build configuration list for PBXNativeTarget "passwordGenerator" */;
			buildPhases = (
				1D60588D0D05DD3D006BFB54 /* Resources */,
				1D60588E0D05DD3D006BFB54 /* Sources */,
				1D60588F0D05DD3D006BFB54 /* Frameworks */,
			);
			buildRules = (
			);
			dependencies = (
			);
			name = passwordGenerator;
			productName = passwordGenerator;
			productReference = 1D6058910D05DD3D006BFB54 /* passwordGenerator.app */;
			productType = "com.apple.product-type.application";
		};
/* End PBXNativeTarget section */

/* Begin PBXProject section */
		29B97313FDCFA39411CA2CEA /* Project object */ = {
			isa = PBXProject;
			attributes = {
				LastUpgradeCheck = 0510;
				ORGANIZATIONNAME = "Renuked Software";
				TargetAttributes = {
					1D6058900D05DD3D006BFB54 = {
						DevelopmentTeam = APQ8ZD8REG;
					};
				};
			};
			buildConfigurationList = C01FCF4E08A954540054247B /* Build configuration list for PBXProject "passwordGenerator" */;
			compatibilityVersion = "Xcode 3.2";
			developmentRegion = English;
			hasScannedForEncodings = 1;
			knownRegions = (
				English,
				Japanese,
				French,
				German,
				en,
			);
			mainGroup = 29B97314FDCFA39411CA2CEA /* CustomTemplate */;
			projectDirPath = "";
			projectRoot = "";
			targets = (
				1D6058900D05DD3D006BFB54 /* passwordGenerator */,
			);
		};
/* End PBXProject section */

/* Begin PBXResourcesBuildPhase section */
		1D60588D0D05DD3D006BFB54 /* Resources */ = {
			isa = PBXResourcesBuildPhase;
			buildActionMask = 2147483647;
			files = (
				280E754D0DD40C5E005A515E /* FlipsideView.xib in Resources */,
				1DEB55D918E4F800009C826D /* Images.xcassets in Resources */,
				1DEB55D418E4F41C009C826D /* Icon58x58.png in Resources */,
				280E754E0DD40C5E005A515E /* MainView.xib in Resources */,
				1DEB55DB18E4F844009C826D /* icon29x29.png in Resources */,
				1DEB55D518E4F41C009C826D /* Icon~iphone.png in Resources */,
				280E754F0DD40C5E005A515E /* MainWindow.xib in Resources */,
				1DBE8338128F9BB40057464B /* gear_sm.png in Resources */,
				1DBE841212904C170057464B /* words.sqlite in Resources */,
				1DEB55D118E4F38C009C826D /* Default-568h@2x.png in Resources */,
				1DBE89BB129C827D0057464B /* scramble.wav in Resources */,
				1DBE89F5129CA4E80057464B /* Default.png in Resources */,
				1D9B886B12A2EE6800A672D1 /* gear_sm@2x.png in Resources */,
				1D9B889D12A5BC3200A672D1 /* Icon.png in Resources */,
				1D6F7B5812A5DC7600D5C250 /* Icon@2x.png in Resources */,
				1D6F7BC712A7267F00D5C250 /* Default@2x.png in Resources */,
				1DEB55D718E4F478009C826D /* Icon@2x~iphone.png in Resources */,
			);
			runOnlyForDeploymentPostprocessing = 0;
		};
/* End PBXResourcesBuildPhase section */

/* Begin PBXSourcesBuildPhase section */
		1D60588E0D05DD3D006BFB54 /* Sources */ = {
			isa = PBXSourcesBuildPhase;
			buildActionMask = 2147483647;
			files = (
				1D60589B0D05DD56006BFB54 /* main.m in Sources */,
				1D3623260D0F684500981E51 /* passwordGeneratorAppDelegate.m in Sources */,
				289233AE0DB2D0DB0083E9F9 /* MainViewController.m in Sources */,
				289233B00DB2D0DB0083E9F9 /* FlipsideViewController.m in Sources */,
			);
			runOnlyForDeploymentPostprocessing = 0;
		};
/* End PBXSourcesBuildPhase section */

/* Begin XCBuildConfiguration section */
		1D6058940D05DD3E006BFB54 /* Debug */ = {
			isa = XCBuildConfiguration;
			buildSettings = {
				ALWAYS_SEARCH_USER_PATHS = NO;
				ASSETCATALOG_COMPILER_APPICON_NAME = AppIcon;
				ASSETCATALOG_COMPILER_LAUNCHIMAGE_NAME = LaunchImage;
				CODE_SIGN_ENTITLEMENTS = "";
				CODE_SIGN_IDENTITY = "iPhone Developer";
				COPY_PHASE_STRIP = NO;
				GCC_DYNAMIC_NO_PIC = NO;
				GCC_OPTIMIZATION_LEVEL = 0;
				GCC_PRECOMPILE_PREFIX_HEADER = YES;
				GCC_PREFIX_HEADER = passwordGenerator_Prefix.pch;
				INFOPLIST_FILE = "passwordGenerator-Info.plist";
				IPHONEOS_DEPLOYMENT_TARGET = 7.0;
				LIBRARY_SEARCH_PATHS = (
					"$(inherited)",
					"\"$(SRCROOT)\"",
				);
				PRODUCT_NAME = passwordGenerator;
				SDKROOT = iphoneos;
			};
			name = Debug;
		};
		1D6058950D05DD3E006BFB54 /* Release */ = {
			isa = XCBuildConfiguration;
			buildSettings = {
				ALWAYS_SEARCH_USER_PATHS = NO;
				ASSETCATALOG_COMPILER_APPICON_NAME = AppIcon;
				ASSETCATALOG_COMPILER_LAUNCHIMAGE_NAME = LaunchImage;
				CODE_SIGN_ENTITLEMENTS = "";
				CODE_SIGN_IDENTITY = "iPhone Developer";
				COPY_PHASE_STRIP = YES;
				GCC_PRECOMPILE_PREFIX_HEADER = YES;
				GCC_PREFIX_HEADER = passwordGenerator_Prefix.pch;
				INFOPLIST_FILE = "passwordGenerator-Info.plist";
				IPHONEOS_DEPLOYMENT_TARGET = 7.0;
				LIBRARY_SEARCH_PATHS = (
					"$(inherited)",
					"\"$(SRCROOT)\"",
				);
				PRODUCT_NAME = passwordGenerator;
				SDKROOT = iphoneos;
				VALIDATE_PRODUCT = YES;
			};
			name = Release;
		};
		C01FCF4F08A954540054247B /* Debug */ = {
			isa = XCBuildConfiguration;
			buildSettings = {
				"CODE_SIGN_IDENTITY[sdk=iphoneos*]" = "iPhone Developer";
				GCC_C_LANGUAGE_STANDARD = c99;
				GCC_WARN_ABOUT_RETURN_TYPE = YES;
				GCC_WARN_UNUSED_VARIABLE = YES;
				ONLY_ACTIVE_ARCH = YES;
				PREBINDING = NO;
				SDKROOT = iphoneos;
				TARGETED_DEVICE_FAMILY = 1;
			};
			name = Debug;
		};
		C01FCF5008A954540054247B /* Release */ = {
			isa = XCBuildConfiguration;
			buildSettings = {
				"CODE_SIGN_IDENTITY[sdk=iphoneos*]" = "iPhone Developer";
				GCC_C_LANGUAGE_STANDARD = c99;
				GCC_WARN_ABOUT_RETURN_TYPE = YES;
				GCC_WARN_UNUSED_VARIABLE = YES;
				OTHER_CFLAGS = "-DNS_BLOCK_ASSERTIONS=1";
				PREBINDING = NO;
				SDKROOT = iphoneos;
				TARGETED_DEVICE_FAMILY = 1;
			};
			name = Release;
		};
/* End XCBuildConfiguration section */

/* Begin XCConfigurationList section */
		1D6058960D05DD3E006BFB54 /* Build configuration list for PBXNativeTarget "passwordGenerator" */ = {
			isa = XCConfigurationList;
			buildConfigurations = (
				1D6058940D05DD3E006BFB54 /* Debug */,
				1D6058950D05DD3E006BFB54 /* Release */,
			);
			defaultConfigurationIsVisible = 0;
			defaultConfigurationName = Release;
		};
		C01FCF4E08A954540054247B /* Build configuration list for PBXProject "passwordGenerator" */ = {
			isa = XCConfigurationList;
			buildConfigurations = (
				C01FCF4F08A954540054247B /* Debug */,
				C01FCF5008A954540054247B /* Release */,
			);
			defaultConfigurationIsVisible = 0;
			defaultConfigurationName = Release;
		};
/* End XCConfigurationList section */
	};
	rootObject = 29B97313FDCFA39411CA2CEA /* Project object */;
}
